
Microsoft Visual Studio Solution File, Format Version 12.00
# Visual Studio 15
VisualStudioVersion = 15.0.28307.572
MinimumVisualStudioVersion = 10.0.40219.1
Project("{FAE04EC0-301F-11D3-BF4B-00C04F79EFBC}") = "BepInEx.Debug", "BepInEx.Debug\BepInEx.Debug.csproj", "{29A8088A-1CE1-403B-8D3D-1C8C73E44410}"
EndProject
Global
	GlobalSection(SolutionConfigurationPlatforms) = preSolution
		Debug|Any CPU = Debug|Any CPU
		Release|Any CPU = Release|Any CPU
	EndGlobalSection
	GlobalSection(ProjectConfigurationPlatforms) = postSolution
		{29A8088A-1CE1-403B-8D3D-1C8C73E44410}.Debug|Any CPU.ActiveCfg = Debug|Any CPU
		{29A8088A-1CE1-403B-8D3D-1C8C73E44410}.Debug|Any CPU.Build.0 = Debug|Any CPU
		{29A8088A-1CE1-403B-8D3D-1C8C73E44410}.Release|Any CPU.ActiveCfg = Release|Any CPU
		{29A8088A-1CE1-403B-8D3D-1C8C73E44410}.Release|Any CPU.Build.0 = Release|Any CPU
	EndGlobalSection
	GlobalSection(SolutionProperties) = preSolution
		HideSolutionNode = FALSE
	EndGlobalSection
	GlobalSection(ExtensibilityGlobals) = postSolution
		SolutionGuid = {DFDE9588-E5F2-40EC-A366-BBFC2926C2C6}
	EndGlobalSection
EndGlobal
