
Microsoft Visual Studio Solution File, Format Version 12.00
# Visual Studio 15
VisualStudioVersion = 15.0.28307.572
MinimumVisualStudioVersion = 10.0.40219.1
Project("{FAE04EC0-301F-11D3-BF4B-00C04F79EFBC}") = "ScriptEngine.BepIn-5x", "src\ScriptEngine.BepIn-5x\ScriptEngine.BepIn-5x.csproj", "{967C527C-1A7E-4C83-9427-E92A6092F59E}"
EndProject
Project("{FAE04EC0-301F-11D3-BF4B-00C04F79EFBC}") = "ScriptEngine.BepIn", "src\ScriptEngine.BepIn\ScriptEngine.BepIn.csproj", "{7142118C-B4D4-4CF9-9A8E-0CF502CE8E71}"
EndProject
Global
	GlobalSection(SolutionConfigurationPlatforms) = preSolution
		Debug|Any CPU = Debug|Any CPU
		Release|Any CPU = Release|Any CPU
	EndGlobalSection
	GlobalSection(ProjectConfigurationPlatforms) = postSolution
		{967C527C-1A7E-4C83-9427-E92A6092F59E}.Debug|Any CPU.ActiveCfg = Debug|Any CPU
		{967C527C-1A7E-4C83-9427-E92A6092F59E}.Debug|Any CPU.Build.0 = Debug|Any CPU
		{967C527C-1A7E-4C83-9427-E92A6092F59E}.Release|Any CPU.ActiveCfg = Release|Any CPU
		{967C527C-1A7E-4C83-9427-E92A6092F59E}.Release|Any CPU.Build.0 = Release|Any CPU
		{7142118C-B4D4-4CF9-9A8E-0CF502CE8E71}.Debug|Any CPU.ActiveCfg = Debug|Any CPU
		{7142118C-B4D4-4CF9-9A8E-0CF502CE8E71}.Debug|Any CPU.Build.0 = Debug|Any CPU
		{7142118C-B4D4-4CF9-9A8E-0CF502CE8E71}.Release|Any CPU.ActiveCfg = Release|Any CPU
		{7142118C-B4D4-4CF9-9A8E-0CF502CE8E71}.Release|Any CPU.Build.0 = Release|Any CPU
	EndGlobalSection
	GlobalSection(SolutionProperties) = preSolution
		HideSolutionNode = FALSE
	EndGlobalSection
	GlobalSection(ExtensibilityGlobals) = postSolution
		SolutionGuid = {DFDE9588-E5F2-40EC-A366-BBFC2926C2C6}
	EndGlobalSection
EndGlobal
