
Microsoft Visual Studio Solution File, Format Version 12.00
# Visual Studio 15
VisualStudioVersion = 15.0.28307.852
MinimumVisualStudioVersion = 10.0.40219.1
Project("{FAE04EC0-301F-11D3-BF4B-00C04F79EFBC}") = "ScriptEngine", "src\ScriptEngine\ScriptEngine.csproj", "{967C527C-1A7E-4C83-9427-E92A6092F59E}"
EndProject
Project("{FAE04EC0-301F-11D3-BF4B-00C04F79EFBC}") = "DemystifyExceptions", "src\DemystifyExceptions\DemystifyExceptions.csproj", "{679F65CB-10E1-4858-84D5-78D7A993FACD}"
EndProject
Project("{FAE04EC0-301F-11D3-BF4B-00C04F79EFBC}") = "StartupProfiler", "src\StartupProfiler\StartupProfiler.csproj", "{6081C5AE-AB5A-456B-A29F-3EEF9AD9EEDF}"
EndProject
Project("{2150E333-8FDC-42A3-9474-1A3956D46DE8}") = "SimpleMonoProfiler", "SimpleMonoProfiler", "{BA1D3CE4-2B4E-4F34-BFC5-566292F7A667}"
EndProject
Project("{8BC9CEB8-8B4A-11D0-8D11-00A0C91BC942}") = "MonoProfiler", "src\SimpleProfiler\MonoProfiler\MonoProfiler.vcxproj", "{46075855-84C7-48FA-8C12-390DB9BDB294}"
EndProject
Project("{FAE04EC0-301F-11D3-BF4B-00C04F79EFBC}") = "MonoProfilerLoader", "src\SimpleProfiler\MonoProfilerLoader\MonoProfilerLoader.csproj", "{A909BA1C-4C18-49CF-A4E8-60584B7F2200}"
EndProject
Project("{FAE04EC0-301F-11D3-BF4B-00C04F79EFBC}") = "MonoProfilerController", "src\simpleprofiler\MonoProfilerController\MonoProfilerController.csproj", "{E643A810-00A8-4B6F-83FC-B8631257EB43}"
EndProject
Project("{FAE04EC0-301F-11D3-BF4B-00C04F79EFBC}") = "RedirectInternalLogs", "src\RedirectInternalLogs\RedirectInternalLogs.csproj", "{29571930-F2E9-45DC-BB65-5B60C2B16850}"
EndProject
Global
	GlobalSection(SolutionConfigurationPlatforms) = preSolution
		Debug|Any CPU = Debug|Any CPU
		Debug|x64 = Debug|x64
		Debug|x86 = Debug|x86
		Release|Any CPU = Release|Any CPU
		Release|x64 = Release|x64
		Release|x86 = Release|x86
	EndGlobalSection
	GlobalSection(ProjectConfigurationPlatforms) = postSolution
		{967C527C-1A7E-4C83-9427-E92A6092F59E}.Debug|Any CPU.ActiveCfg = Debug|Any CPU
		{967C527C-1A7E-4C83-9427-E92A6092F59E}.Debug|Any CPU.Build.0 = Debug|Any CPU
		{967C527C-1A7E-4C83-9427-E92A6092F59E}.Debug|x64.ActiveCfg = Debug|Any CPU
		{967C527C-1A7E-4C83-9427-E92A6092F59E}.Debug|x64.Build.0 = Debug|Any CPU
		{967C527C-1A7E-4C83-9427-E92A6092F59E}.Debug|x86.ActiveCfg = Debug|Any CPU
		{967C527C-1A7E-4C83-9427-E92A6092F59E}.Debug|x86.Build.0 = Debug|Any CPU
		{967C527C-1A7E-4C83-9427-E92A6092F59E}.Release|Any CPU.ActiveCfg = Release|Any CPU
		{967C527C-1A7E-4C83-9427-E92A6092F59E}.Release|Any CPU.Build.0 = Release|Any CPU
		{967C527C-1A7E-4C83-9427-E92A6092F59E}.Release|x64.ActiveCfg = Release|Any CPU
		{967C527C-1A7E-4C83-9427-E92A6092F59E}.Release|x64.Build.0 = Release|Any CPU
		{967C527C-1A7E-4C83-9427-E92A6092F59E}.Release|x86.ActiveCfg = Release|Any CPU
		{967C527C-1A7E-4C83-9427-E92A6092F59E}.Release|x86.Build.0 = Release|Any CPU
		{679F65CB-10E1-4858-84D5-78D7A993FACD}.Debug|Any CPU.ActiveCfg = Debug|Any CPU
		{679F65CB-10E1-4858-84D5-78D7A993FACD}.Debug|Any CPU.Build.0 = Debug|Any CPU
		{679F65CB-10E1-4858-84D5-78D7A993FACD}.Debug|x64.ActiveCfg = Debug|Any CPU
		{679F65CB-10E1-4858-84D5-78D7A993FACD}.Debug|x64.Build.0 = Debug|Any CPU
		{679F65CB-10E1-4858-84D5-78D7A993FACD}.Debug|x86.ActiveCfg = Debug|Any CPU
		{679F65CB-10E1-4858-84D5-78D7A993FACD}.Debug|x86.Build.0 = Debug|Any CPU
		{679F65CB-10E1-4858-84D5-78D7A993FACD}.Release|Any CPU.ActiveCfg = Release|Any CPU
		{679F65CB-10E1-4858-84D5-78D7A993FACD}.Release|Any CPU.Build.0 = Release|Any CPU
		{679F65CB-10E1-4858-84D5-78D7A993FACD}.Release|x64.ActiveCfg = Release|Any CPU
		{679F65CB-10E1-4858-84D5-78D7A993FACD}.Release|x64.Build.0 = Release|Any CPU
		{679F65CB-10E1-4858-84D5-78D7A993FACD}.Release|x86.ActiveCfg = Release|Any CPU
		{679F65CB-10E1-4858-84D5-78D7A993FACD}.Release|x86.Build.0 = Release|Any CPU
		{6081C5AE-AB5A-456B-A29F-3EEF9AD9EEDF}.Debug|Any CPU.ActiveCfg = Debug|Any CPU
		{6081C5AE-AB5A-456B-A29F-3EEF9AD9EEDF}.Debug|Any CPU.Build.0 = Debug|Any CPU
		{6081C5AE-AB5A-456B-A29F-3EEF9AD9EEDF}.Debug|x64.ActiveCfg = Debug|Any CPU
		{6081C5AE-AB5A-456B-A29F-3EEF9AD9EEDF}.Debug|x64.Build.0 = Debug|Any CPU
		{6081C5AE-AB5A-456B-A29F-3EEF9AD9EEDF}.Debug|x86.ActiveCfg = Debug|Any CPU
		{6081C5AE-AB5A-456B-A29F-3EEF9AD9EEDF}.Debug|x86.Build.0 = Debug|Any CPU
		{6081C5AE-AB5A-456B-A29F-3EEF9AD9EEDF}.Release|Any CPU.ActiveCfg = Release|Any CPU
		{6081C5AE-AB5A-456B-A29F-3EEF9AD9EEDF}.Release|Any CPU.Build.0 = Release|Any CPU
		{6081C5AE-AB5A-456B-A29F-3EEF9AD9EEDF}.Release|x64.ActiveCfg = Release|Any CPU
		{6081C5AE-AB5A-456B-A29F-3EEF9AD9EEDF}.Release|x64.Build.0 = Release|Any CPU
		{6081C5AE-AB5A-456B-A29F-3EEF9AD9EEDF}.Release|x86.ActiveCfg = Release|Any CPU
		{6081C5AE-AB5A-456B-A29F-3EEF9AD9EEDF}.Release|x86.Build.0 = Release|Any CPU
		{46075855-84C7-48FA-8C12-390DB9BDB294}.Debug|Any CPU.ActiveCfg = Debug|Win32
		{46075855-84C7-48FA-8C12-390DB9BDB294}.Debug|x64.ActiveCfg = Debug|x64
		{46075855-84C7-48FA-8C12-390DB9BDB294}.Debug|x64.Build.0 = Debug|x64
		{46075855-84C7-48FA-8C12-390DB9BDB294}.Debug|x86.ActiveCfg = Debug|Win32
		{46075855-84C7-48FA-8C12-390DB9BDB294}.Debug|x86.Build.0 = Debug|Win32
		{46075855-84C7-48FA-8C12-390DB9BDB294}.Release|Any CPU.ActiveCfg = Release|x64
		{46075855-84C7-48FA-8C12-390DB9BDB294}.Release|Any CPU.Build.0 = Release|x64
		{46075855-84C7-48FA-8C12-390DB9BDB294}.Release|x64.ActiveCfg = Release|x64
		{46075855-84C7-48FA-8C12-390DB9BDB294}.Release|x64.Build.0 = Release|x64
		{46075855-84C7-48FA-8C12-390DB9BDB294}.Release|x86.ActiveCfg = Release|Win32
		{46075855-84C7-48FA-8C12-390DB9BDB294}.Release|x86.Build.0 = Release|Win32
		{A909BA1C-4C18-49CF-A4E8-60584B7F2200}.Debug|Any CPU.ActiveCfg = Debug|Any CPU
		{A909BA1C-4C18-49CF-A4E8-60584B7F2200}.Debug|Any CPU.Build.0 = Debug|Any CPU
		{A909BA1C-4C18-49CF-A4E8-60584B7F2200}.Debug|x64.ActiveCfg = Debug|Any CPU
		{A909BA1C-4C18-49CF-A4E8-60584B7F2200}.Debug|x64.Build.0 = Debug|Any CPU
		{A909BA1C-4C18-49CF-A4E8-60584B7F2200}.Debug|x86.ActiveCfg = Debug|Any CPU
		{A909BA1C-4C18-49CF-A4E8-60584B7F2200}.Debug|x86.Build.0 = Debug|Any CPU
		{A909BA1C-4C18-49CF-A4E8-60584B7F2200}.Release|Any CPU.ActiveCfg = Release|Any CPU
		{A909BA1C-4C18-49CF-A4E8-60584B7F2200}.Release|Any CPU.Build.0 = Release|Any CPU
		{A909BA1C-4C18-49CF-A4E8-60584B7F2200}.Release|x64.ActiveCfg = Release|Any CPU
		{A909BA1C-4C18-49CF-A4E8-60584B7F2200}.Release|x64.Build.0 = Release|Any CPU
		{A909BA1C-4C18-49CF-A4E8-60584B7F2200}.Release|x86.ActiveCfg = Release|Any CPU
		{A909BA1C-4C18-49CF-A4E8-60584B7F2200}.Release|x86.Build.0 = Release|Any CPU
		{E643A810-00A8-4B6F-83FC-B8631257EB43}.Debug|Any CPU.ActiveCfg = Debug|Any CPU
		{E643A810-00A8-4B6F-83FC-B8631257EB43}.Debug|Any CPU.Build.0 = Debug|Any CPU
		{E643A810-00A8-4B6F-83FC-B8631257EB43}.Debug|x64.ActiveCfg = Debug|Any CPU
		{E643A810-00A8-4B6F-83FC-B8631257EB43}.Debug|x64.Build.0 = Debug|Any CPU
		{E643A810-00A8-4B6F-83FC-B8631257EB43}.Debug|x86.ActiveCfg = Debug|Any CPU
		{E643A810-00A8-4B6F-83FC-B8631257EB43}.Debug|x86.Build.0 = Debug|Any CPU
		{E643A810-00A8-4B6F-83FC-B8631257EB43}.Release|Any CPU.ActiveCfg = Release|Any CPU
		{E643A810-00A8-4B6F-83FC-B8631257EB43}.Release|Any CPU.Build.0 = Release|Any CPU
		{E643A810-00A8-4B6F-83FC-B8631257EB43}.Release|x64.ActiveCfg = Release|Any CPU
		{E643A810-00A8-4B6F-83FC-B8631257EB43}.Release|x64.Build.0 = Release|Any CPU
		{E643A810-00A8-4B6F-83FC-B8631257EB43}.Release|x86.ActiveCfg = Release|Any CPU
		{E643A810-00A8-4B6F-83FC-B8631257EB43}.Release|x86.Build.0 = Release|Any CPU
		{29571930-F2E9-45DC-BB65-5B60C2B16850}.Debug|Any CPU.ActiveCfg = Debug|Any CPU
		{29571930-F2E9-45DC-BB65-5B60C2B16850}.Debug|Any CPU.Build.0 = Debug|Any CPU
		{29571930-F2E9-45DC-BB65-5B60C2B16850}.Debug|x64.ActiveCfg = Debug|Any CPU
		{29571930-F2E9-45DC-BB65-5B60C2B16850}.Debug|x64.Build.0 = Debug|Any CPU
		{29571930-F2E9-45DC-BB65-5B60C2B16850}.Debug|x86.ActiveCfg = Debug|Any CPU
		{29571930-F2E9-45DC-BB65-5B60C2B16850}.Debug|x86.Build.0 = Debug|Any CPU
		{29571930-F2E9-45DC-BB65-5B60C2B16850}.Release|Any CPU.ActiveCfg = Release|Any CPU
		{29571930-F2E9-45DC-BB65-5B60C2B16850}.Release|Any CPU.Build.0 = Release|Any CPU
		{29571930-F2E9-45DC-BB65-5B60C2B16850}.Release|x64.ActiveCfg = Release|Any CPU
		{29571930-F2E9-45DC-BB65-5B60C2B16850}.Release|x64.Build.0 = Release|Any CPU
		{29571930-F2E9-45DC-BB65-5B60C2B16850}.Release|x86.ActiveCfg = Release|Any CPU
		{29571930-F2E9-45DC-BB65-5B60C2B16850}.Release|x86.Build.0 = Release|Any CPU
	EndGlobalSection
	GlobalSection(SolutionProperties) = preSolution
		HideSolutionNode = FALSE
	EndGlobalSection
	GlobalSection(NestedProjects) = preSolution
		{46075855-84C7-48FA-8C12-390DB9BDB294} = {BA1D3CE4-2B4E-4F34-BFC5-566292F7A667}
		{A909BA1C-4C18-49CF-A4E8-60584B7F2200} = {BA1D3CE4-2B4E-4F34-BFC5-566292F7A667}
		{E643A810-00A8-4B6F-83FC-B8631257EB43} = {BA1D3CE4-2B4E-4F34-BFC5-566292F7A667}
	EndGlobalSection
	GlobalSection(ExtensibilityGlobals) = postSolution
		SolutionGuid = {DFDE9588-E5F2-40EC-A366-BBFC2926C2C6}
	EndGlobalSection
EndGlobal
